
Microsoft Visual Studio Solution File, Format Version 12.00
# Visual Studio Version 17
VisualStudioVersion = 17.9.34701.34
MinimumVisualStudioVersion = 10.0.40219.1
Project("{9A19103F-16F7-4668-BE54-9A1E7A4F7556}") = "HotelRoomBookingAPI", "HotelRoomBookingAPI\HotelRoomBookingAPI.csproj", "{89528830-3BC1-4D5B-AAB2-4A7857C04718}"
EndProject
Project("{FAE04EC0-301F-11D3-BF4B-00C04F79EFBC}") = "RESTApi.NunitTests", "RESTApi.NunitTests\RESTApi.NunitTests.csproj", "{E2944C32-D19B-4E0D-B126-34F43755372C}"
EndProject
Global
	GlobalSection(SolutionConfigurationPlatforms) = preSolution
		Debug|Any CPU = Debug|Any CPU
		Release|Any CPU = Release|Any CPU
	EndGlobalSection
	GlobalSection(ProjectConfigurationPlatforms) = postSolution
		{89528830-3BC1-4D5B-AAB2-4A7857C04718}.Debug|Any CPU.ActiveCfg = Debug|Any CPU
		{89528830-3BC1-4D5B-AAB2-4A7857C04718}.Debug|Any CPU.Build.0 = Debug|Any CPU
		{89528830-3BC1-4D5B-AAB2-4A7857C04718}.Release|Any CPU.ActiveCfg = Release|Any CPU
		{89528830-3BC1-4D5B-AAB2-4A7857C04718}.Release|Any CPU.Build.0 = Release|Any CPU
		{E2944C32-D19B-4E0D-B126-34F43755372C}.Debug|Any CPU.ActiveCfg = Debug|Any CPU
		{E2944C32-D19B-4E0D-B126-34F43755372C}.Debug|Any CPU.Build.0 = Debug|Any CPU
		{E2944C32-D19B-4E0D-B126-34F43755372C}.Release|Any CPU.ActiveCfg = Release|Any CPU
		{E2944C32-D19B-4E0D-B126-34F43755372C}.Release|Any CPU.Build.0 = Release|Any CPU
	EndGlobalSection
	GlobalSection(SolutionProperties) = preSolution
		HideSolutionNode = FALSE
	EndGlobalSection
	GlobalSection(ExtensibilityGlobals) = postSolution
		SolutionGuid = {C23D6864-AEB9-4526-A697-02CA4506F5FB}
	EndGlobalSection
EndGlobal
